
Microsoft Visual Studio Solution File, Format Version 12.00
# Visual Studio Version 16
VisualStudioVersion = 16.0.31729.503
MinimumVisualStudioVersion = 10.0.40219.1
Project("{9A19103F-16F7-4668-BE54-9A1E7A4F7556}") = "OPZ", "Обратная_польская_запись\OPZ.csproj", "{7591243B-93D7-448B-94C8-292AD724B9E4}"
EndProject
Global
	GlobalSection(SolutionConfigurationPlatforms) = preSolution
		Debug|Any CPU = Debug|Any CPU
		Release|Any CPU = Release|Any CPU
	EndGlobalSection
	GlobalSection(ProjectConfigurationPlatforms) = postSolution
		{7591243B-93D7-448B-94C8-292AD724B9E4}.Debug|Any CPU.ActiveCfg = Debug|Any CPU
		{7591243B-93D7-448B-94C8-292AD724B9E4}.Debug|Any CPU.Build.0 = Debug|Any CPU
		{7591243B-93D7-448B-94C8-292AD724B9E4}.Release|Any CPU.ActiveCfg = Release|Any CPU
		{7591243B-93D7-448B-94C8-292AD724B9E4}.Release|Any CPU.Build.0 = Release|Any CPU
	EndGlobalSection
	GlobalSection(SolutionProperties) = preSolution
		HideSolutionNode = FALSE
	EndGlobalSection
	GlobalSection(ExtensibilityGlobals) = postSolution
		SolutionGuid = {41861A9F-94C5-4BE0-90F4-D1245862B85F}
	EndGlobalSection
EndGlobal
