
Microsoft Visual Studio Solution File, Format Version 12.00
# Visual Studio Version 16
VisualStudioVersion = 16.0.31729.503
MinimumVisualStudioVersion = 10.0.40219.1
Project("{FAE04EC0-301F-11D3-BF4B-00C04F79EFBC}") = "Lists", "Lists.csproj", "{8A4DF917-3BA5-4A5F-AF05-359B5B5E1115}"
EndProject
Global
	GlobalSection(SolutionConfigurationPlatforms) = preSolution
		Debug|Any CPU = Debug|Any CPU
		Release|Any CPU = Release|Any CPU
	EndGlobalSection
	GlobalSection(ProjectConfigurationPlatforms) = postSolution
		{8A4DF917-3BA5-4A5F-AF05-359B5B5E1115}.Debug|Any CPU.ActiveCfg = Debug|Any CPU
		{8A4DF917-3BA5-4A5F-AF05-359B5B5E1115}.Debug|Any CPU.Build.0 = Debug|Any CPU
		{8A4DF917-3BA5-4A5F-AF05-359B5B5E1115}.Release|Any CPU.ActiveCfg = Release|Any CPU
		{8A4DF917-3BA5-4A5F-AF05-359B5B5E1115}.Release|Any CPU.Build.0 = Release|Any CPU
	EndGlobalSection
	GlobalSection(SolutionProperties) = preSolution
		HideSolutionNode = FALSE
	EndGlobalSection
	GlobalSection(ExtensibilityGlobals) = postSolution
		SolutionGuid = {57B601AB-F784-4A1F-AF1F-D8909F3478C0}
	EndGlobalSection
EndGlobal
